
Microsoft Visual Studio Solution File, Format Version 12.00
# Visual Studio Version 18
VisualStudioVersion = 18.0.11217.181 d18.0
MinimumVisualStudioVersion = 10.0.40219.1
Project("{FAE04EC0-301F-11D3-BF4B-00C04F79EFBC}") = "IRCamera.Desktop", "src\IRCamera.Desktop\IRCamera.Desktop.csproj", "{A85BF8A2-0430-A5D2-772B-E25C9B5C6435}"
EndProject
Project("{FAE04EC0-301F-11D3-BF4B-00C04F79EFBC}") = "IRCamera.Hardware", "src\IRCamera.Hardware\IRCamera.Hardware.csproj", "{A95FABC6-0606-505D-46C0-04B23D27917F}"
EndProject
Global
	GlobalSection(SolutionConfigurationPlatforms) = preSolution
		Debug|Any CPU = Debug|Any CPU
		Release|Any CPU = Release|Any CPU
	EndGlobalSection
	GlobalSection(ProjectConfigurationPlatforms) = postSolution
		{A85BF8A2-0430-A5D2-772B-E25C9B5C6435}.Debug|Any CPU.ActiveCfg = Debug|Any CPU
		{A85BF8A2-0430-A5D2-772B-E25C9B5C6435}.Debug|Any CPU.Build.0 = Debug|Any CPU
		{A85BF8A2-0430-A5D2-772B-E25C9B5C6435}.Release|Any CPU.ActiveCfg = Release|Any CPU
		{A85BF8A2-0430-A5D2-772B-E25C9B5C6435}.Release|Any CPU.Build.0 = Release|Any CPU
		{A95FABC6-0606-505D-46C0-04B23D27917F}.Debug|Any CPU.ActiveCfg = Debug|Any CPU
		{A95FABC6-0606-505D-46C0-04B23D27917F}.Debug|Any CPU.Build.0 = Debug|Any CPU
		{A95FABC6-0606-505D-46C0-04B23D27917F}.Release|Any CPU.ActiveCfg = Release|Any CPU
		{A95FABC6-0606-505D-46C0-04B23D27917F}.Release|Any CPU.Build.0 = Release|Any CPU
	EndGlobalSection
	GlobalSection(SolutionProperties) = preSolution
		HideSolutionNode = FALSE
	EndGlobalSection
EndGlobal
