
Microsoft Visual Studio Solution File, Format Version 12.00
# Visual Studio Version 18
VisualStudioVersion = 18.0.11217.181 d18.0
MinimumVisualStudioVersion = 10.0.40219.1
Project("{FAE04EC0-301F-11D3-BF4B-00C04F79EFBC}") = "IRCamera.Desktop", "src\IRCamera.Desktop\IRCamera.Desktop.csproj", "{A85BF8A2-0430-A5D2-772B-E25C9B5C6435}"
EndProject
Project("{FAE04EC0-301F-11D3-BF4B-00C04F79EFBC}") = "IRCamera.Hardware", "src\IRCamera.Hardware\IRCamera.Hardware.csproj", "{A95FABC6-0606-505D-46C0-04B23D27917F}"
EndProject
Global
	GlobalSection(SolutionConfigurationPlatforms) = preSolution
		Debug|x64 = Debug|x64
		Debug|x86 = Debug|x86
		Release|x64 = Release|x64
		Release|x86 = Release|x86
	EndGlobalSection
	GlobalSection(ProjectConfigurationPlatforms) = postSolution
		{A85BF8A2-0430-A5D2-772B-E25C9B5C6435}.Debug|x64.ActiveCfg = Debug|x64
		{A85BF8A2-0430-A5D2-772B-E25C9B5C6435}.Debug|x64.Build.0 = Debug|x64
		{A85BF8A2-0430-A5D2-772B-E25C9B5C6435}.Debug|x86.ActiveCfg = Debug|x86
		{A85BF8A2-0430-A5D2-772B-E25C9B5C6435}.Debug|x86.Build.0 = Debug|x86
		{A85BF8A2-0430-A5D2-772B-E25C9B5C6435}.Release|x64.ActiveCfg = Release|x64
		{A85BF8A2-0430-A5D2-772B-E25C9B5C6435}.Release|x64.Build.0 = Release|x64
		{A85BF8A2-0430-A5D2-772B-E25C9B5C6435}.Release|x86.ActiveCfg = Release|x86
		{A85BF8A2-0430-A5D2-772B-E25C9B5C6435}.Release|x86.Build.0 = Release|x86
		{A95FABC6-0606-505D-46C0-04B23D27917F}.Debug|x64.ActiveCfg = Debug|x64
		{A95FABC6-0606-505D-46C0-04B23D27917F}.Debug|x64.Build.0 = Debug|x64
		{A95FABC6-0606-505D-46C0-04B23D27917F}.Debug|x86.ActiveCfg = Debug|x86
		{A95FABC6-0606-505D-46C0-04B23D27917F}.Debug|x86.Build.0 = Debug|x86
		{A95FABC6-0606-505D-46C0-04B23D27917F}.Release|x64.ActiveCfg = Release|x64
		{A95FABC6-0606-505D-46C0-04B23D27917F}.Release|x64.Build.0 = Release|x64
		{A95FABC6-0606-505D-46C0-04B23D27917F}.Release|x86.ActiveCfg = Release|x86
		{A95FABC6-0606-505D-46C0-04B23D27917F}.Release|x86.Build.0 = Release|x86
	EndGlobalSection
	GlobalSection(SolutionProperties) = preSolution
		HideSolutionNode = FALSE
	EndGlobalSection
	GlobalSection(ExtensibilityGlobals) = postSolution
		SolutionGuid = {924AE683-356D-4826-950B-3B449DE120A4}
	EndGlobalSection
EndGlobal
